
Microsoft Visual Studio Solution File, Format Version 12.00
# Visual Studio Version 17
VisualStudioVersion = 17.5.002.0
MinimumVisualStudioVersion = 10.0.40219.1
Project("{9A19103F-16F7-4668-BE54-9A1E7A4F7556}") = "guid_generator", "guid_generator.csproj", "{5C14AC40-476D-47D2-8465-008C7273B98D}"
EndProject
Global
	GlobalSection(SolutionConfigurationPlatforms) = preSolution
		Debug|Any CPU = Debug|Any CPU
		Release|Any CPU = Release|Any CPU
	EndGlobalSection
	GlobalSection(ProjectConfigurationPlatforms) = postSolution
		{5C14AC40-476D-47D2-8465-008C7273B98D}.Debug|Any CPU.ActiveCfg = Debug|Any CPU
		{5C14AC40-476D-47D2-8465-008C7273B98D}.Debug|Any CPU.Build.0 = Debug|Any CPU
		{5C14AC40-476D-47D2-8465-008C7273B98D}.Release|Any CPU.ActiveCfg = Release|Any CPU
		{5C14AC40-476D-47D2-8465-008C7273B98D}.Release|Any CPU.Build.0 = Release|Any CPU
	EndGlobalSection
	GlobalSection(SolutionProperties) = preSolution
		HideSolutionNode = FALSE
	EndGlobalSection
	GlobalSection(ExtensibilityGlobals) = postSolution
		SolutionGuid = {C60321A1-2A0C-4D9E-B44F-9B4CDF3B7220}
	EndGlobalSection
EndGlobal
